// !$*UTF8*$!
{
	archiveVersion = 1;
	classes = {
	};
	objectVersion = 55;
	objects = {

/* Begin PBXBuildFile section */
		5C3E0BB62843E1F10032A334 /* API Caller.swift in Sources */ = {isa = PBXBuildFile; fileRef = 5C3E0BB52843E1F10032A334 /* API Caller.swift */; };
		5C47D420282F8C1100B22F9E /* AppDelegate.swift in Sources */ = {isa = PBXBuildFile; fileRef = 5C47D41F282F8C1100B22F9E /* AppDelegate.swift */; };
		5C47D422282F8C1100B22F9E /* SceneDelegate.swift in Sources */ = {isa = PBXBuildFile; fileRef = 5C47D421282F8C1100B22F9E /* SceneDelegate.swift */; };
		5C47D42A282F8C1100B22F9E /* Sheasy.xcdatamodeld in Sources */ = {isa = PBXBuildFile; fileRef = 5C47D428282F8C1100B22F9E /* Sheasy.xcdatamodeld */; };
		5C47D42C282F8C1100B22F9E /* Assets.xcassets in Resources */ = {isa = PBXBuildFile; fileRef = 5C47D42B282F8C1100B22F9E /* Assets.xcassets */; };
		5C47D42F282F8C1100B22F9E /* LaunchScreen.storyboard in Resources */ = {isa = PBXBuildFile; fileRef = 5C47D42D282F8C1100B22F9E /* LaunchScreen.storyboard */; };
		5C84F7D1284C9EE30025DA75 /* RecommendedRecipes.swift in Sources */ = {isa = PBXBuildFile; fileRef = 5C84F7D0284C9EE30025DA75 /* RecommendedRecipes.swift */; };
		5C8A5DFA283BDDA700E536F4 /* MyCollectionViewCell.swift in Sources */ = {isa = PBXBuildFile; fileRef = 5C8A5DF8283BDDA700E536F4 /* MyCollectionViewCell.swift */; };
		5C99716B284F0F4C00B65040 /* RecipeSerchTableViewCell.swift in Sources */ = {isa = PBXBuildFile; fileRef = 5C99716A284F0F4C00B65040 /* RecipeSerchTableViewCell.swift */; };
		5C99716E284F139D00B65040 /* RecipeDetailViewController.swift in Sources */ = {isa = PBXBuildFile; fileRef = 5C99716D284F139D00B65040 /* RecipeDetailViewController.swift */; };
		5C997171284F14BC00B65040 /* NutrientsViewController.swift in Sources */ = {isa = PBXBuildFile; fileRef = 5C997170284F14BC00B65040 /* NutrientsViewController.swift */; };
		5C997173284F180E00B65040 /* IngredientsViewCell.swift in Sources */ = {isa = PBXBuildFile; fileRef = 5C997172284F180E00B65040 /* IngredientsViewCell.swift */; };
		5C997175284F183200B65040 /* RecipeHeaderCell.swift in Sources */ = {isa = PBXBuildFile; fileRef = 5C997174284F183200B65040 /* RecipeHeaderCell.swift */; };
		5C997177284F185400B65040 /* DirectionsViewCell.swift in Sources */ = {isa = PBXBuildFile; fileRef = 5C997176284F185400B65040 /* DirectionsViewCell.swift */; };
		5C997179284F18E000B65040 /* NutritionViewCell.swift in Sources */ = {isa = PBXBuildFile; fileRef = 5C997178284F18E000B65040 /* NutritionViewCell.swift */; };
		5C99717B284F30F300B65040 /* RecommendedCollectionViewCell.swift in Sources */ = {isa = PBXBuildFile; fileRef = 5C99717A284F30F300B65040 /* RecommendedCollectionViewCell.swift */; };
		5C99717D284F331F00B65040 /* RecommendedTableViewCell.swift in Sources */ = {isa = PBXBuildFile; fileRef = 5C99717C284F331F00B65040 /* RecommendedTableViewCell.swift */; };
		5CA6ECFB28506AC70061B270 /* NoRecipesFoundCell.xib in Resources */ = {isa = PBXBuildFile; fileRef = 5CA6ECFA28506AC70061B270 /* NoRecipesFoundCell.xib */; };
		5CA6ECFD28506B070061B270 /* RecommendationResultCell.xib in Resources */ = {isa = PBXBuildFile; fileRef = 5CA6ECFC28506B070061B270 /* RecommendationResultCell.xib */; };
		5CA6ECFF28506B2E0061B270 /* SearchRecipesResultCell.xib in Resources */ = {isa = PBXBuildFile; fileRef = 5CA6ECFE28506B2E0061B270 /* SearchRecipesResultCell.xib */; };
		5CAB61F728436CED00D33A1D /* Model.swift in Sources */ = {isa = PBXBuildFile; fileRef = 5CAB61F628436CED00D33A1D /* Model.swift */; };
		5CB399B72847A24D00CAB9FB /* SearchRecipesResults.swift in Sources */ = {isa = PBXBuildFile; fileRef = 5CB399B62847A24D00CAB9FB /* SearchRecipesResults.swift */; };
		5CEFF64C284FE6A500DE4E0A /* Main.storyboard in Resources */ = {isa = PBXBuildFile; fileRef = 5CEFF64B284FE6A500DE4E0A /* Main.storyboard */; };
		5CEFF64E284FE76D00DE4E0A /* SearchRecipesViewController.swift in Sources */ = {isa = PBXBuildFile; fileRef = 5CEFF64D284FE76D00DE4E0A /* SearchRecipesViewController.swift */; };
		5CEFF650284FE80300DE4E0A /* RestrictionsTableViewController.swift in Sources */ = {isa = PBXBuildFile; fileRef = 5CEFF64F284FE80300DE4E0A /* RestrictionsTableViewController.swift */; };
		5CEFF652284FE85900DE4E0A /* ChecklistItem.swift in Sources */ = {isa = PBXBuildFile; fileRef = 5CEFF651284FE85900DE4E0A /* ChecklistItem.swift */; };
		5CEFF654284FE88000DE4E0A /* RestrictionsTableViewCell.swift in Sources */ = {isa = PBXBuildFile; fileRef = 5CEFF653284FE88000DE4E0A /* RestrictionsTableViewCell.swift */; };
/* End PBXBuildFile section */

/* Begin PBXFileReference section */
		5C3E0BB52843E1F10032A334 /* API Caller.swift */ = {isa = PBXFileReference; lastKnownFileType = sourcecode.swift; path = "API Caller.swift"; sourceTree = "<group>"; };
		5C47D41C282F8C1100B22F9E /* Sheasy.app */ = {isa = PBXFileReference; explicitFileType = wrapper.application; includeInIndex = 0; path = Sheasy.app; sourceTree = BUILT_PRODUCTS_DIR; };
		5C47D41F282F8C1100B22F9E /* AppDelegate.swift */ = {isa = PBXFileReference; lastKnownFileType = sourcecode.swift; path = AppDelegate.swift; sourceTree = "<group>"; };
		5C47D421282F8C1100B22F9E /* SceneDelegate.swift */ = {isa = PBXFileReference; lastKnownFileType = sourcecode.swift; path = SceneDelegate.swift; sourceTree = "<group>"; };
		5C47D429282F8C1100B22F9E /* Sheasy.xcdatamodel */ = {isa = PBXFileReference; lastKnownFileType = wrapper.xcdatamodel; path = Sheasy.xcdatamodel; sourceTree = "<group>"; };
		5C47D42B282F8C1100B22F9E /* Assets.xcassets */ = {isa = PBXFileReference; lastKnownFileType = folder.assetcatalog; path = Assets.xcassets; sourceTree = "<group>"; };
		5C47D42E282F8C1100B22F9E /* Base */ = {isa = PBXFileReference; lastKnownFileType = file.storyboard; name = Base; path = Base.lproj/LaunchScreen.storyboard; sourceTree = "<group>"; };
		5C47D430282F8C1100B22F9E /* Info.plist */ = {isa = PBXFileReference; lastKnownFileType = text.plist.xml; path = Info.plist; sourceTree = "<group>"; };
		5C84F7D0284C9EE30025DA75 /* RecommendedRecipes.swift */ = {isa = PBXFileReference; lastKnownFileType = sourcecode.swift; path = RecommendedRecipes.swift; sourceTree = "<group>"; };
		5C8A5DF8283BDDA700E536F4 /* MyCollectionViewCell.swift */ = {isa = PBXFileReference; lastKnownFileType = sourcecode.swift; path = MyCollectionViewCell.swift; sourceTree = "<group>"; };
		5C99716A284F0F4C00B65040 /* RecipeSerchTableViewCell.swift */ = {isa = PBXFileReference; lastKnownFileType = sourcecode.swift; path = RecipeSerchTableViewCell.swift; sourceTree = "<group>"; };
		5C99716D284F139D00B65040 /* RecipeDetailViewController.swift */ = {isa = PBXFileReference; lastKnownFileType = sourcecode.swift; path = RecipeDetailViewController.swift; sourceTree = "<group>"; };
		5C997170284F14BC00B65040 /* NutrientsViewController.swift */ = {isa = PBXFileReference; lastKnownFileType = sourcecode.swift; path = NutrientsViewController.swift; sourceTree = "<group>"; };
		5C997172284F180E00B65040 /* IngredientsViewCell.swift */ = {isa = PBXFileReference; lastKnownFileType = sourcecode.swift; path = IngredientsViewCell.swift; sourceTree = "<group>"; };
		5C997174284F183200B65040 /* RecipeHeaderCell.swift */ = {isa = PBXFileReference; lastKnownFileType = sourcecode.swift; path = RecipeHeaderCell.swift; sourceTree = "<group>"; };
		5C997176284F185400B65040 /* DirectionsViewCell.swift */ = {isa = PBXFileReference; lastKnownFileType = sourcecode.swift; path = DirectionsViewCell.swift; sourceTree = "<group>"; };
		5C997178284F18E000B65040 /* NutritionViewCell.swift */ = {isa = PBXFileReference; lastKnownFileType = sourcecode.swift; path = NutritionViewCell.swift; sourceTree = "<group>"; };
		5C99717A284F30F300B65040 /* RecommendedCollectionViewCell.swift */ = {isa = PBXFileReference; lastKnownFileType = sourcecode.swift; path = RecommendedCollectionViewCell.swift; sourceTree = "<group>"; };
		5C99717C284F331F00B65040 /* RecommendedTableViewCell.swift */ = {isa = PBXFileReference; lastKnownFileType = sourcecode.swift; path = RecommendedTableViewCell.swift; sourceTree = "<group>"; };
		5CA6ECFA28506AC70061B270 /* NoRecipesFoundCell.xib */ = {isa = PBXFileReference; lastKnownFileType = file.xib; path = NoRecipesFoundCell.xib; sourceTree = "<group>"; };
		5CA6ECFC28506B070061B270 /* RecommendationResultCell.xib */ = {isa = PBXFileReference; lastKnownFileType = file.xib; path = RecommendationResultCell.xib; sourceTree = "<group>"; };
		5CA6ECFE28506B2E0061B270 /* SearchRecipesResultCell.xib */ = {isa = PBXFileReference; lastKnownFileType = file.xib; path = SearchRecipesResultCell.xib; sourceTree = "<group>"; };
		5CAB61F628436CED00D33A1D /* Model.swift */ = {isa = PBXFileReference; lastKnownFileType = sourcecode.swift; path = Model.swift; sourceTree = "<group>"; };
		5CB399B62847A24D00CAB9FB /* SearchRecipesResults.swift */ = {isa = PBXFileReference; lastKnownFileType = sourcecode.swift; path = SearchRecipesResults.swift; sourceTree = "<group>"; };
		5CEFF64B284FE6A500DE4E0A /* Main.storyboard */ = {isa = PBXFileReference; fileEncoding = 4; lastKnownFileType = file.storyboard; path = Main.storyboard; sourceTree = "<group>"; };
		5CEFF64D284FE76D00DE4E0A /* SearchRecipesViewController.swift */ = {isa = PBXFileReference; fileEncoding = 4; lastKnownFileType = sourcecode.swift; path = SearchRecipesViewController.swift; sourceTree = "<group>"; };
		5CEFF64F284FE80300DE4E0A /* RestrictionsTableViewController.swift */ = {isa = PBXFileReference; fileEncoding = 4; lastKnownFileType = sourcecode.swift; path = RestrictionsTableViewController.swift; sourceTree = "<group>"; };
		5CEFF651284FE85900DE4E0A /* ChecklistItem.swift */ = {isa = PBXFileReference; fileEncoding = 4; lastKnownFileType = sourcecode.swift; path = ChecklistItem.swift; sourceTree = "<group>"; };
		5CEFF653284FE88000DE4E0A /* RestrictionsTableViewCell.swift */ = {isa = PBXFileReference; fileEncoding = 4; lastKnownFileType = sourcecode.swift; path = RestrictionsTableViewCell.swift; sourceTree = "<group>"; };
/* End PBXFileReference section */

/* Begin PBXFrameworksBuildPhase section */
		5C47D419282F8C1100B22F9E /* Frameworks */ = {
			isa = PBXFrameworksBuildPhase;
			buildActionMask = 2147483647;
			files = (
			);
			runOnlyForDeploymentPostprocessing = 0;
		};
/* End PBXFrameworksBuildPhase section */

/* Begin PBXGroup section */
		5C47D413282F8C1100B22F9E = {
			isa = PBXGroup;
			children = (
				5C47D41E282F8C1100B22F9E /* Sheasy */,
				5C47D41D282F8C1100B22F9E /* Products */,
			);
			sourceTree = "<group>";
		};
		5C47D41D282F8C1100B22F9E /* Products */ = {
			isa = PBXGroup;
			children = (
				5C47D41C282F8C1100B22F9E /* Sheasy.app */,
			);
			name = Products;
			sourceTree = "<group>";
		};
		5C47D41E282F8C1100B22F9E /* Sheasy */ = {
			isa = PBXGroup;
			children = (
				5C997170284F14BC00B65040 /* NutrientsViewController.swift */,
				5C99716C284F138400B65040 /* Recipe Detail */,
				5C47D41F282F8C1100B22F9E /* AppDelegate.swift */,
				5C47D421282F8C1100B22F9E /* SceneDelegate.swift */,
				5CEFF64B284FE6A500DE4E0A /* Main.storyboard */,
				5C47D42B282F8C1100B22F9E /* Assets.xcassets */,
				5C889DD8284DFFBB00C10825 /* Food Restrictions */,
				5CB399B82847A2E200CAB9FB /* URLSession */,
				5CD8F024283819420045F19B /* Cells */,
				5CD8F023283819380045F19B /* Model */,
				5C47D42D282F8C1100B22F9E /* LaunchScreen.storyboard */,
				5C47D430282F8C1100B22F9E /* Info.plist */,
				5C47D428282F8C1100B22F9E /* Sheasy.xcdatamodeld */,
			);
			path = Sheasy;
			sourceTree = "<group>";
		};
		5C84F7CA284C982F0025DA75 /* Cells */ = {
			isa = PBXGroup;
			children = (
				5CEFF651284FE85900DE4E0A /* ChecklistItem.swift */,
				5C99716A284F0F4C00B65040 /* RecipeSerchTableViewCell.swift */,
				5C8A5DF8283BDDA700E536F4 /* MyCollectionViewCell.swift */,
				5C99717A284F30F300B65040 /* RecommendedCollectionViewCell.swift */,
				5C99717C284F331F00B65040 /* RecommendedTableViewCell.swift */,
			);
			path = Cells;
			sourceTree = "<group>";
		};
		5C84F7CF284C9DA50025DA75 /* MainScreen */ = {
			isa = PBXGroup;
			children = (
				5CEFF64D284FE76D00DE4E0A /* SearchRecipesViewController.swift */,
			);
			path = MainScreen;
			sourceTree = "<group>";
		};
		5C889DD8284DFFBB00C10825 /* Food Restrictions */ = {
			isa = PBXGroup;
			children = (
				5CEFF64F284FE80300DE4E0A /* RestrictionsTableViewController.swift */,
				5CEFF653284FE88000DE4E0A /* RestrictionsTableViewCell.swift */,
			);
			path = "Food Restrictions";
			sourceTree = "<group>";
		};
		5C99716C284F138400B65040 /* Recipe Detail */ = {
			isa = PBXGroup;
			children = (
				5C99716D284F139D00B65040 /* RecipeDetailViewController.swift */,
				5C997172284F180E00B65040 /* IngredientsViewCell.swift */,
				5C997174284F183200B65040 /* RecipeHeaderCell.swift */,
				5C997176284F185400B65040 /* DirectionsViewCell.swift */,
				5C997178284F18E000B65040 /* NutritionViewCell.swift */,
			);
			path = "Recipe Detail";
			sourceTree = "<group>";
		};
		5CB399B82847A2E200CAB9FB /* URLSession */ = {
			isa = PBXGroup;
			children = (
				5CB399B62847A24D00CAB9FB /* SearchRecipesResults.swift */,
				5C84F7D0284C9EE30025DA75 /* RecommendedRecipes.swift */,
			);
			path = URLSession;
			sourceTree = "<group>";
		};
		5CD8F023283819380045F19B /* Model */ = {
			isa = PBXGroup;
			children = (
				5CAB61F628436CED00D33A1D /* Model.swift */,
				5C3E0BB52843E1F10032A334 /* API Caller.swift */,
			);
			path = Model;
			sourceTree = "<group>";
		};
		5CD8F024283819420045F19B /* Cells */ = {
			isa = PBXGroup;
			children = (
				5CA6ECFA28506AC70061B270 /* NoRecipesFoundCell.xib */,
				5CA6ECFC28506B070061B270 /* RecommendationResultCell.xib */,
				5CA6ECFE28506B2E0061B270 /* SearchRecipesResultCell.xib */,
				5C84F7CF284C9DA50025DA75 /* MainScreen */,
				5C84F7CA284C982F0025DA75 /* Cells */,
			);
			path = Cells;
			sourceTree = "<group>";
		};
/* End PBXGroup section */

/* Begin PBXNativeTarget section */
		5C47D41B282F8C1100B22F9E /* Sheasy */ = {
			isa = PBXNativeTarget;
			buildConfigurationList = 5C47D449282F8C1200B22F9E /* Build configuration list for PBXNativeTarget "Sheasy" */;
			buildPhases = (
				5C47D418282F8C1100B22F9E /* Sources */,
				5C47D419282F8C1100B22F9E /* Frameworks */,
				5C47D41A282F8C1100B22F9E /* Resources */,
			);
			buildRules = (
			);
			dependencies = (
			);
			name = Sheasy;
			productName = Sheasy;
			productReference = 5C47D41C282F8C1100B22F9E /* Sheasy.app */;
			productType = "com.apple.product-type.application";
		};
/* End PBXNativeTarget section */

/* Begin PBXProject section */
		5C47D414282F8C1100B22F9E /* Project object */ = {
			isa = PBXProject;
			attributes = {
				BuildIndependentTargetsInParallel = 1;
				LastSwiftUpdateCheck = 1320;
				LastUpgradeCheck = 1320;
				TargetAttributes = {
					5C47D41B282F8C1100B22F9E = {
						CreatedOnToolsVersion = 13.2.1;
					};
				};
			};
			buildConfigurationList = 5C47D417282F8C1100B22F9E /* Build configuration list for PBXProject "Sheasy" */;
			compatibilityVersion = "Xcode 13.0";
			developmentRegion = en;
			hasScannedForEncodings = 0;
			knownRegions = (
				en,
				Base,
			);
			mainGroup = 5C47D413282F8C1100B22F9E;
			productRefGroup = 5C47D41D282F8C1100B22F9E /* Products */;
			projectDirPath = "";
			projectRoot = "";
			targets = (
				5C47D41B282F8C1100B22F9E /* Sheasy */,
			);
		};
/* End PBXProject section */

/* Begin PBXResourcesBuildPhase section */
		5C47D41A282F8C1100B22F9E /* Resources */ = {
			isa = PBXResourcesBuildPhase;
			buildActionMask = 2147483647;
			files = (
				5C47D42F282F8C1100B22F9E /* LaunchScreen.storyboard in Resources */,
				5CA6ECFB28506AC70061B270 /* NoRecipesFoundCell.xib in Resources */,
				5CEFF64C284FE6A500DE4E0A /* Main.storyboard in Resources */,
				5CA6ECFD28506B070061B270 /* RecommendationResultCell.xib in Resources */,
				5CA6ECFF28506B2E0061B270 /* SearchRecipesResultCell.xib in Resources */,
				5C47D42C282F8C1100B22F9E /* Assets.xcassets in Resources */,
			);
			runOnlyForDeploymentPostprocessing = 0;
		};
/* End PBXResourcesBuildPhase section */

/* Begin PBXSourcesBuildPhase section */
		5C47D418282F8C1100B22F9E /* Sources */ = {
			isa = PBXSourcesBuildPhase;
			buildActionMask = 2147483647;
			files = (
				5C997177284F185400B65040 /* DirectionsViewCell.swift in Sources */,
				5C3E0BB62843E1F10032A334 /* API Caller.swift in Sources */,
				5C997179284F18E000B65040 /* NutritionViewCell.swift in Sources */,
				5C99716E284F139D00B65040 /* RecipeDetailViewController.swift in Sources */,
				5CAB61F728436CED00D33A1D /* Model.swift in Sources */,
				5CEFF652284FE85900DE4E0A /* ChecklistItem.swift in Sources */,
				5CB399B72847A24D00CAB9FB /* SearchRecipesResults.swift in Sources */,
				5C84F7D1284C9EE30025DA75 /* RecommendedRecipes.swift in Sources */,
				5C47D42A282F8C1100B22F9E /* Sheasy.xcdatamodeld in Sources */,
				5C8A5DFA283BDDA700E536F4 /* MyCollectionViewCell.swift in Sources */,
				5C99716B284F0F4C00B65040 /* RecipeSerchTableViewCell.swift in Sources */,
				5C997171284F14BC00B65040 /* NutrientsViewController.swift in Sources */,
				5CEFF654284FE88000DE4E0A /* RestrictionsTableViewCell.swift in Sources */,
				5C997173284F180E00B65040 /* IngredientsViewCell.swift in Sources */,
				5CEFF650284FE80300DE4E0A /* RestrictionsTableViewController.swift in Sources */,
				5CEFF64E284FE76D00DE4E0A /* SearchRecipesViewController.swift in Sources */,
				5C47D420282F8C1100B22F9E /* AppDelegate.swift in Sources */,
				5C997175284F183200B65040 /* RecipeHeaderCell.swift in Sources */,
				5C99717B284F30F300B65040 /* RecommendedCollectionViewCell.swift in Sources */,
				5C99717D284F331F00B65040 /* RecommendedTableViewCell.swift in Sources */,
				5C47D422282F8C1100B22F9E /* SceneDelegate.swift in Sources */,
			);
			runOnlyForDeploymentPostprocessing = 0;
		};
/* End PBXSourcesBuildPhase section */

/* Begin PBXVariantGroup section */
		5C47D42D282F8C1100B22F9E /* LaunchScreen.storyboard */ = {
			isa = PBXVariantGroup;
			children = (
				5C47D42E282F8C1100B22F9E /* Base */,
			);
			name = LaunchScreen.storyboard;
			sourceTree = "<group>";
		};
/* End PBXVariantGroup section */

/* Begin XCBuildConfiguration section */
		5C47D447282F8C1200B22F9E /* Debug */ = {
			isa = XCBuildConfiguration;
			buildSettings = {
				ALWAYS_SEARCH_USER_PATHS = NO;
				CLANG_ANALYZER_NONNULL = YES;
				CLANG_ANALYZER_NUMBER_OBJECT_CONVERSION = YES_AGGRESSIVE;
				CLANG_CXX_LANGUAGE_STANDARD = "gnu++17";
				CLANG_CXX_LIBRARY = "libc++";
				CLANG_ENABLE_MODULES = YES;
				CLANG_ENABLE_OBJC_ARC = YES;
				CLANG_ENABLE_OBJC_WEAK = YES;
				CLANG_WARN_BLOCK_CAPTURE_AUTORELEASING = YES;
				CLANG_WARN_BOOL_CONVERSION = YES;
				CLANG_WARN_COMMA = YES;
				CLANG_WARN_CONSTANT_CONVERSION = YES;
				CLANG_WARN_DEPRECATED_OBJC_IMPLEMENTATIONS = YES;
				CLANG_WARN_DIRECT_OBJC_ISA_USAGE = YES_ERROR;
				CLANG_WARN_DOCUMENTATION_COMMENTS = YES;
				CLANG_WARN_EMPTY_BODY = YES;
				CLANG_WARN_ENUM_CONVERSION = YES;
				CLANG_WARN_INFINITE_RECURSION = YES;
				CLANG_WARN_INT_CONVERSION = YES;
				CLANG_WARN_NON_LITERAL_NULL_CONVERSION = YES;
				CLANG_WARN_OBJC_IMPLICIT_RETAIN_SELF = YES;
				CLANG_WARN_OBJC_LITERAL_CONVERSION = YES;
				CLANG_WARN_OBJC_ROOT_CLASS = YES_ERROR;
				CLANG_WARN_QUOTED_INCLUDE_IN_FRAMEWORK_HEADER = YES;
				CLANG_WARN_RANGE_LOOP_ANALYSIS = YES;
				CLANG_WARN_STRICT_PROTOTYPES = YES;
				CLANG_WARN_SUSPICIOUS_MOVE = YES;
				CLANG_WARN_UNGUARDED_AVAILABILITY = YES_AGGRESSIVE;
				CLANG_WARN_UNREACHABLE_CODE = YES;
				CLANG_WARN__DUPLICATE_METHOD_MATCH = YES;
				COPY_PHASE_STRIP = NO;
				DEBUG_INFORMATION_FORMAT = dwarf;
				ENABLE_STRICT_OBJC_MSGSEND = YES;
				ENABLE_TESTABILITY = YES;
				GCC_C_LANGUAGE_STANDARD = gnu11;
				GCC_DYNAMIC_NO_PIC = NO;
				GCC_NO_COMMON_BLOCKS = YES;
				GCC_OPTIMIZATION_LEVEL = 0;
				GCC_PREPROCESSOR_DEFINITIONS = (
					"DEBUG=1",
					"$(inherited)",
				);
				GCC_WARN_64_TO_32_BIT_CONVERSION = YES;
				GCC_WARN_ABOUT_RETURN_TYPE = YES_ERROR;
				GCC_WARN_UNDECLARED_SELECTOR = YES;
				GCC_WARN_UNINITIALIZED_AUTOS = YES_AGGRESSIVE;
				GCC_WARN_UNUSED_FUNCTION = YES;
				GCC_WARN_UNUSED_VARIABLE = YES;
				IPHONEOS_DEPLOYMENT_TARGET = 15.2;
				MTL_ENABLE_DEBUG_INFO = INCLUDE_SOURCE;
				MTL_FAST_MATH = YES;
				ONLY_ACTIVE_ARCH = YES;
				SDKROOT = iphoneos;
				SWIFT_ACTIVE_COMPILATION_CONDITIONS = DEBUG;
				SWIFT_OPTIMIZATION_LEVEL = "-Onone";
			};
			name = Debug;
		};
		5C47D448282F8C1200B22F9E /* Release */ = {
			isa = XCBuildConfiguration;
			buildSettings = {
				ALWAYS_SEARCH_USER_PATHS = NO;
				CLANG_ANALYZER_NONNULL = YES;
				CLANG_ANALYZER_NUMBER_OBJECT_CONVERSION = YES_AGGRESSIVE;
				CLANG_CXX_LANGUAGE_STANDARD = "gnu++17";
				CLANG_CXX_LIBRARY = "libc++";
				CLANG_ENABLE_MODULES = YES;
				CLANG_ENABLE_OBJC_ARC = YES;
				CLANG_ENABLE_OBJC_WEAK = YES;
				CLANG_WARN_BLOCK_CAPTURE_AUTORELEASING = YES;
				CLANG_WARN_BOOL_CONVERSION = YES;
				CLANG_WARN_COMMA = YES;
				CLANG_WARN_CONSTANT_CONVERSION = YES;
				CLANG_WARN_DEPRECATED_OBJC_IMPLEMENTATIONS = YES;
				CLANG_WARN_DIRECT_OBJC_ISA_USAGE = YES_ERROR;
				CLANG_WARN_DOCUMENTATION_COMMENTS = YES;
				CLANG_WARN_EMPTY_BODY = YES;
				CLANG_WARN_ENUM_CONVERSION = YES;
				CLANG_WARN_INFINITE_RECURSION = YES;
				CLANG_WARN_INT_CONVERSION = YES;
				CLANG_WARN_NON_LITERAL_NULL_CONVERSION = YES;
				CLANG_WARN_OBJC_IMPLICIT_RETAIN_SELF = YES;
				CLANG_WARN_OBJC_LITERAL_CONVERSION = YES;
				CLANG_WARN_OBJC_ROOT_CLASS = YES_ERROR;
				CLANG_WARN_QUOTED_INCLUDE_IN_FRAMEWORK_HEADER = YES;
				CLANG_WARN_RANGE_LOOP_ANALYSIS = YES;
				CLANG_WARN_STRICT_PROTOTYPES = YES;
				CLANG_WARN_SUSPICIOUS_MOVE = YES;
				CLANG_WARN_UNGUARDED_AVAILABILITY = YES_AGGRESSIVE;
				CLANG_WARN_UNREACHABLE_CODE = YES;
				CLANG_WARN__DUPLICATE_METHOD_MATCH = YES;
				COPY_PHASE_STRIP = NO;
				DEBUG_INFORMATION_FORMAT = "dwarf-with-dsym";
				ENABLE_NS_ASSERTIONS = NO;
				ENABLE_STRICT_OBJC_MSGSEND = YES;
				GCC_C_LANGUAGE_STANDARD = gnu11;
				GCC_NO_COMMON_BLOCKS = YES;
				GCC_WARN_64_TO_32_BIT_CONVERSION = YES;
				GCC_WARN_ABOUT_RETURN_TYPE = YES_ERROR;
				GCC_WARN_UNDECLARED_SELECTOR = YES;
				GCC_WARN_UNINITIALIZED_AUTOS = YES_AGGRESSIVE;
				GCC_WARN_UNUSED_FUNCTION = YES;
				GCC_WARN_UNUSED_VARIABLE = YES;
				IPHONEOS_DEPLOYMENT_TARGET = 15.2;
				MTL_ENABLE_DEBUG_INFO = NO;
				MTL_FAST_MATH = YES;
				SDKROOT = iphoneos;
				SWIFT_COMPILATION_MODE = wholemodule;
				SWIFT_OPTIMIZATION_LEVEL = "-O";
				VALIDATE_PRODUCT = YES;
			};
			name = Release;
		};
		5C47D44A282F8C1200B22F9E /* Debug */ = {
			isa = XCBuildConfiguration;
			buildSettings = {
				ASSETCATALOG_COMPILER_APPICON_NAME = AppIcon;
				ASSETCATALOG_COMPILER_GLOBAL_ACCENT_COLOR_NAME = AccentColor;
				CODE_SIGN_STYLE = Automatic;
				CURRENT_PROJECT_VERSION = 1;
				DEVELOPMENT_TEAM = 4Z7HNGC242;
				GENERATE_INFOPLIST_FILE = YES;
				INFOPLIST_FILE = Sheasy/Info.plist;
				INFOPLIST_KEY_UIApplicationSupportsIndirectInputEvents = YES;
				INFOPLIST_KEY_UILaunchStoryboardName = LaunchScreen;
				INFOPLIST_KEY_UIMainStoryboardFile = Main;
				INFOPLIST_KEY_UISupportedInterfaceOrientations = UIInterfaceOrientationPortrait;
				INFOPLIST_KEY_UISupportedInterfaceOrientations_iPad = "UIInterfaceOrientationPortrait UIInterfaceOrientationPortraitUpsideDown UIInterfaceOrientationLandscapeLeft UIInterfaceOrientationLandscapeRight";
				INFOPLIST_KEY_UISupportedInterfaceOrientations_iPhone = "UIInterfaceOrientationPortrait UIInterfaceOrientationLandscapeLeft UIInterfaceOrientationLandscapeRight";
				LD_RUNPATH_SEARCH_PATHS = (
					"$(inherited)",
					"@executable_path/Frameworks",
				);
				MARKETING_VERSION = 1.0;
				PRODUCT_BUNDLE_IDENTIFIER = com.gaitovrk.Sheasy;
				PRODUCT_NAME = "$(TARGET_NAME)";
				SWIFT_EMIT_LOC_STRINGS = YES;
				SWIFT_VERSION = 5.0;
				TARGETED_DEVICE_FAMILY = "1,2";
			};
			name = Debug;
		};
		5C47D44B282F8C1200B22F9E /* Release */ = {
			isa = XCBuildConfiguration;
			buildSettings = {
				ASSETCATALOG_COMPILER_APPICON_NAME = AppIcon;
				ASSETCATALOG_COMPILER_GLOBAL_ACCENT_COLOR_NAME = AccentColor;
				CODE_SIGN_STYLE = Automatic;
				CURRENT_PROJECT_VERSION = 1;
				DEVELOPMENT_TEAM = 4Z7HNGC242;
				GENERATE_INFOPLIST_FILE = YES;
				INFOPLIST_FILE = Sheasy/Info.plist;
				INFOPLIST_KEY_UIApplicationSupportsIndirectInputEvents = YES;
				INFOPLIST_KEY_UILaunchStoryboardName = LaunchScreen;
				INFOPLIST_KEY_UIMainStoryboardFile = Main;
				INFOPLIST_KEY_UISupportedInterfaceOrientations = UIInterfaceOrientationPortrait;
				INFOPLIST_KEY_UISupportedInterfaceOrientations_iPad = "UIInterfaceOrientationPortrait UIInterfaceOrientationPortraitUpsideDown UIInterfaceOrientationLandscapeLeft UIInterfaceOrientationLandscapeRight";
				INFOPLIST_KEY_UISupportedInterfaceOrientations_iPhone = "UIInterfaceOrientationPortrait UIInterfaceOrientationLandscapeLeft UIInterfaceOrientationLandscapeRight";
				LD_RUNPATH_SEARCH_PATHS = (
					"$(inherited)",
					"@executable_path/Frameworks",
				);
				MARKETING_VERSION = 1.0;
				PRODUCT_BUNDLE_IDENTIFIER = com.gaitovrk.Sheasy;
				PRODUCT_NAME = "$(TARGET_NAME)";
				SWIFT_EMIT_LOC_STRINGS = YES;
				SWIFT_VERSION = 5.0;
				TARGETED_DEVICE_FAMILY = "1,2";
			};
			name = Release;
		};
/* End XCBuildConfiguration section */

/* Begin XCConfigurationList section */
		5C47D417282F8C1100B22F9E /* Build configuration list for PBXProject "Sheasy" */ = {
			isa = XCConfigurationList;
			buildConfigurations = (
				5C47D447282F8C1200B22F9E /* Debug */,
				5C47D448282F8C1200B22F9E /* Release */,
			);
			defaultConfigurationIsVisible = 0;
			defaultConfigurationName = Release;
		};
		5C47D449282F8C1200B22F9E /* Build configuration list for PBXNativeTarget "Sheasy" */ = {
			isa = XCConfigurationList;
			buildConfigurations = (
				5C47D44A282F8C1200B22F9E /* Debug */,
				5C47D44B282F8C1200B22F9E /* Release */,
			);
			defaultConfigurationIsVisible = 0;
			defaultConfigurationName = Release;
		};
/* End XCConfigurationList section */

/* Begin XCVersionGroup section */
		5C47D428282F8C1100B22F9E /* Sheasy.xcdatamodeld */ = {
			isa = XCVersionGroup;
			children = (
				5C47D429282F8C1100B22F9E /* Sheasy.xcdatamodel */,
			);
			currentVersion = 5C47D429282F8C1100B22F9E /* Sheasy.xcdatamodel */;
			path = Sheasy.xcdatamodeld;
			sourceTree = "<group>";
			versionGroupType = wrapper.xcdatamodel;
		};
/* End XCVersionGroup section */
	};
	rootObject = 5C47D414282F8C1100B22F9E /* Project object */;
}
